
Microsoft Visual Studio Solution File, Format Version 12.00
# Visual Studio Version 17
VisualStudioVersion = 17.7.34221.43
MinimumVisualStudioVersion = 10.0.40219.1
Project("{FAE04EC0-301F-11D3-BF4B-00C04F79EFBC}") = "JsonFormatter", "JsonFormatter\JsonFormatter.csproj", "{80F15342-35FF-419D-B91B-4C8EF26E03BF}"
EndProject
Global
	GlobalSection(SolutionConfigurationPlatforms) = preSolution
		Debug|Any CPU = Debug|Any CPU
		Release|Any CPU = Release|Any CPU
	EndGlobalSection
	GlobalSection(ProjectConfigurationPlatforms) = postSolution
		{80F15342-35FF-419D-B91B-4C8EF26E03BF}.Debug|Any CPU.ActiveCfg = Debug|Any CPU
		{80F15342-35FF-419D-B91B-4C8EF26E03BF}.Debug|Any CPU.Build.0 = Debug|Any CPU
		{80F15342-35FF-419D-B91B-4C8EF26E03BF}.Release|Any CPU.ActiveCfg = Release|Any CPU
		{80F15342-35FF-419D-B91B-4C8EF26E03BF}.Release|Any CPU.Build.0 = Release|Any CPU
	EndGlobalSection
	GlobalSection(SolutionProperties) = preSolution
		HideSolutionNode = FALSE
	EndGlobalSection
	GlobalSection(ExtensibilityGlobals) = postSolution
		SolutionGuid = {BF232B91-36F1-4B8A-B2A2-98B5129C6731}
	EndGlobalSection
EndGlobal
